{
  "requires": true,
  "lockfileVersion": 1,
  "dependencies": {
    "@types/express-validator": {
      "version": "3.0.0",
      "resolved": "https://registry.npmjs.org/@types/express-validator/-/express-validator-3.0.0.tgz",
      "integrity": "sha512-LusnB0YhTXpBT25PXyGPQlK7leE1e41Vezq1hHEUwjfkopM1Pkv2X2Ppxqh9c+w/HZ6Udzki8AJotKNjDTGdkQ==",
      "requires": {
        "express-validator": "*"
      }
    },
    "express-validator": {
      "version": "6.13.0",
      "resolved": "https://registry.npmjs.org/express-validator/-/express-validator-6.13.0.tgz",
      "integrity": "sha512-gvLqMFPwEm+C1CQlF3l695ubY1Shd3AtfI5JDYXM0Ju0A2GsGX+VjjQN7TcHXF6cO8wPgU8hSSFqWecBR0Gx1g==",
      "requires": {
        "lodash": "^4.17.21",
        "validator": "^13.6.0"
      }
    },
    "lodash": {
      "version": "4.17.21",
      "resolved": "https://registry.npmjs.org/lodash/-/lodash-4.17.21.tgz",
      "integrity": "sha512-v2kDEe57lecTulaDIuNTPy3Ry4gLGJ6Z1O3vE1krgXZNrsQ+LFTGHVxVjcXPs17LhbZVGedAJv8XZ1tvj5FvSg=="
    },
    "validator": {
      "version": "13.6.0",
      "resolved": "https://registry.npmjs.org/validator/-/validator-13.6.0.tgz",
      "integrity": "sha512-gVgKbdbHgtxpRyR8K0O6oFZPhhB5tT1jeEHZR0Znr9Svg03U0+r9DXWMrnRAB+HtCStDQKlaIZm42tVsVjqtjg=="
    }
  }
}
